
Microsoft Visual Studio Solution File, Format Version 12.00
# Visual Studio Version 17
VisualStudioVersion = 17.5.002.0
MinimumVisualStudioVersion = 10.0.40219.1
Project("{9A19103F-16F7-4668-BE54-9A1E7A4F7556}") = "MySqlProxyGateway", "MySqlProxyGateway.csproj", "{67B1CFC0-40DE-435A-ACBA-69610AED1DF2}"
EndProject
Global
	GlobalSection(SolutionConfigurationPlatforms) = preSolution
		Debug|Any CPU = Debug|Any CPU
		Release|Any CPU = Release|Any CPU
	EndGlobalSection
	GlobalSection(ProjectConfigurationPlatforms) = postSolution
		{67B1CFC0-40DE-435A-ACBA-69610AED1DF2}.Debug|Any CPU.ActiveCfg = Debug|Any CPU
		{67B1CFC0-40DE-435A-ACBA-69610AED1DF2}.Debug|Any CPU.Build.0 = Debug|Any CPU
		{67B1CFC0-40DE-435A-ACBA-69610AED1DF2}.Release|Any CPU.ActiveCfg = Release|Any CPU
		{67B1CFC0-40DE-435A-ACBA-69610AED1DF2}.Release|Any CPU.Build.0 = Release|Any CPU
	EndGlobalSection
	GlobalSection(SolutionProperties) = preSolution
		HideSolutionNode = FALSE
	EndGlobalSection
	GlobalSection(ExtensibilityGlobals) = postSolution
		SolutionGuid = {A61A179C-1742-41CC-AE1C-300DEB591A78}
	EndGlobalSection
EndGlobal
